
Microsoft Visual Studio Solution File, Format Version 12.00
# Visual Studio Version 17
VisualStudioVersion = 17.4.33213.308
MinimumVisualStudioVersion = 10.0.40219.1
Project("{8BC9CEB8-8B4A-11D0-8D11-00A0C91BC942}") = "login1", "login1\login1.vcxproj", "{46BD2EA4-83D3-408C-A0A4-1A360E9F61B8}"
EndProject
Global
	GlobalSection(SolutionConfigurationPlatforms) = preSolution
		Debug|x64 = Debug|x64
		Debug|x86 = Debug|x86
		Release|x64 = Release|x64
		Release|x86 = Release|x86
	EndGlobalSection
	GlobalSection(ProjectConfigurationPlatforms) = postSolution
		{46BD2EA4-83D3-408C-A0A4-1A360E9F61B8}.Debug|x64.ActiveCfg = Debug|x64
		{46BD2EA4-83D3-408C-A0A4-1A360E9F61B8}.Debug|x64.Build.0 = Debug|x64
		{46BD2EA4-83D3-408C-A0A4-1A360E9F61B8}.Debug|x86.ActiveCfg = Debug|Win32
		{46BD2EA4-83D3-408C-A0A4-1A360E9F61B8}.Debug|x86.Build.0 = Debug|Win32
		{46BD2EA4-83D3-408C-A0A4-1A360E9F61B8}.Release|x64.ActiveCfg = Release|x64
		{46BD2EA4-83D3-408C-A0A4-1A360E9F61B8}.Release|x64.Build.0 = Release|x64
		{46BD2EA4-83D3-408C-A0A4-1A360E9F61B8}.Release|x86.ActiveCfg = Release|Win32
		{46BD2EA4-83D3-408C-A0A4-1A360E9F61B8}.Release|x86.Build.0 = Release|Win32
	EndGlobalSection
	GlobalSection(SolutionProperties) = preSolution
		HideSolutionNode = FALSE
	EndGlobalSection
	GlobalSection(ExtensibilityGlobals) = postSolution
		SolutionGuid = {FA105E03-8DF4-4179-8895-A64752ABB9D8}
	EndGlobalSection
EndGlobal
